
Microsoft Visual Studio Solution File, Format Version 12.00
# Visual Studio Version 17
VisualStudioVersion = 17.3.32825.248
MinimumVisualStudioVersion = 10.0.40219.1
Project("{FAE04EC0-301F-11D3-BF4B-00C04F79EFBC}") = "Modelo_ASP_NET", "Modelo_ASP_NET\Modelo_ASP_NET.csproj", "{2F349B57-C017-4B8F-AD92-28EE780CD21D}"
EndProject
Global
	GlobalSection(SolutionConfigurationPlatforms) = preSolution
		Debug|Any CPU = Debug|Any CPU
		Release|Any CPU = Release|Any CPU
	EndGlobalSection
	GlobalSection(ProjectConfigurationPlatforms) = postSolution
		{2F349B57-C017-4B8F-AD92-28EE780CD21D}.Debug|Any CPU.ActiveCfg = Debug|Any CPU
		{2F349B57-C017-4B8F-AD92-28EE780CD21D}.Debug|Any CPU.Build.0 = Debug|Any CPU
		{2F349B57-C017-4B8F-AD92-28EE780CD21D}.Release|Any CPU.ActiveCfg = Release|Any CPU
		{2F349B57-C017-4B8F-AD92-28EE780CD21D}.Release|Any CPU.Build.0 = Release|Any CPU
	EndGlobalSection
	GlobalSection(SolutionProperties) = preSolution
		HideSolutionNode = FALSE
	EndGlobalSection
	GlobalSection(ExtensibilityGlobals) = postSolution
		SolutionGuid = {411BC5B1-0160-400D-943B-F32F83DFB0ED}
	EndGlobalSection
EndGlobal
